// !$*UTF8*$!
{
	archiveVersion = 1;
	classes = {
	};
	objectVersion = 45;
	objects = {

/* Begin PBXBuildFile section */
		79312D6A10BA400C00479D69 /* STMenuBasicSectionController.h in Headers */ = {isa = PBXBuildFile; fileRef = 79312D6810BA400C00479D69 /* STMenuBasicSectionController.h */; };
		79312D6B10BA400C00479D69 /* STMenuBasicSectionController.m in Sources */ = {isa = PBXBuildFile; fileRef = 79312D6910BA400C00479D69 /* STMenuBasicSectionController.m */; };
		794C780F10CA17AF00717975 /* STMenuTextFieldTableViewCell.h in Headers */ = {isa = PBXBuildFile; fileRef = 794C780D10CA17AF00717975 /* STMenuTextFieldTableViewCell.h */; };
		794C781010CA17AF00717975 /* STMenuTextFieldTableViewCell.m in Sources */ = {isa = PBXBuildFile; fileRef = 794C780E10CA17AF00717975 /* STMenuTextFieldTableViewCell.m */; };
		794E020510D9E01E000C1852 /* STMenuListViewController.h in Headers */ = {isa = PBXBuildFile; fileRef = 794E020310D9E01E000C1852 /* STMenuListViewController.h */; };
		794E020610D9E01E000C1852 /* STMenuListViewController.m in Sources */ = {isa = PBXBuildFile; fileRef = 794E020410D9E01E000C1852 /* STMenuListViewController.m */; };
		794E02E610DA1492000C1852 /* STMenuNoItemsTableViewCell.h in Headers */ = {isa = PBXBuildFile; fileRef = 794E02E410DA1492000C1852 /* STMenuNoItemsTableViewCell.h */; };
		794E02E710DA1492000C1852 /* STMenuNoItemsTableViewCell.m in Sources */ = {isa = PBXBuildFile; fileRef = 794E02E510DA1492000C1852 /* STMenuNoItemsTableViewCell.m */; };
		7959030210C614CA00DB0F5F /* STMenuEditViewController.h in Headers */ = {isa = PBXBuildFile; fileRef = 7959030010C614CA00DB0F5F /* STMenuEditViewController.h */; };
		7959030310C614CA00DB0F5F /* STMenuEditViewController.m in Sources */ = {isa = PBXBuildFile; fileRef = 7959030110C614CA00DB0F5F /* STMenuEditViewController.m */; };
		7959039910C61AA200DB0F5F /* STMenuKit.h in Headers */ = {isa = PBXBuildFile; fileRef = 7959039810C61AA200DB0F5F /* STMenuKit.h */; };
		797537DC10F93C5400E3A188 /* STMenuDateViewController.h in Headers */ = {isa = PBXBuildFile; fileRef = 797537DA10F93C5400E3A188 /* STMenuDateViewController.h */; };
		797537DD10F93C5400E3A188 /* STMenuDateViewController.m in Sources */ = {isa = PBXBuildFile; fileRef = 797537DB10F93C5400E3A188 /* STMenuDateViewController.m */; };
		7975382710F94FB500E3A188 /* STMenuDateTableViewCell.h in Headers */ = {isa = PBXBuildFile; fileRef = 7975382510F94FB500E3A188 /* STMenuDateTableViewCell.h */; };
		7975382810F94FB500E3A188 /* STMenuDateTableViewCell.m in Sources */ = {isa = PBXBuildFile; fileRef = 7975382610F94FB500E3A188 /* STMenuDateTableViewCell.m */; };
		79818EA110B0DD0D00B32881 /* STMenuMaker.h in Headers */ = {isa = PBXBuildFile; fileRef = 79818E9F10B0DD0D00B32881 /* STMenuMaker.h */; };
		79818EA210B0DD0D00B32881 /* STMenuMaker.m in Sources */ = {isa = PBXBuildFile; fileRef = 79818EA010B0DD0D00B32881 /* STMenuMaker.m */; };
		79856D8410E9A08C001EB83A /* STMenuListSectionController.h in Headers */ = {isa = PBXBuildFile; fileRef = 79856D8210E9A08C001EB83A /* STMenuListSectionController.h */; };
		79856D8510E9A08C001EB83A /* STMenuListSectionController.m in Sources */ = {isa = PBXBuildFile; fileRef = 79856D8310E9A08C001EB83A /* STMenuListSectionController.m */; };
		799F707D10C8C5150055C744 /* STMenuFormViewController.h in Headers */ = {isa = PBXBuildFile; fileRef = 799F707B10C8C5150055C744 /* STMenuFormViewController.h */; };
		799F707E10C8C5150055C744 /* STMenuFormViewController.m in Sources */ = {isa = PBXBuildFile; fileRef = 799F707C10C8C5150055C744 /* STMenuFormViewController.m */; };
		79A7F5BE10FD892E001835A9 /* STMenuAddItemTableViewCell.h in Headers */ = {isa = PBXBuildFile; fileRef = 79A7F5BC10FD892E001835A9 /* STMenuAddItemTableViewCell.h */; };
		79A7F5BF10FD892E001835A9 /* STMenuAddItemTableViewCell.m in Sources */ = {isa = PBXBuildFile; fileRef = 79A7F5BD10FD892E001835A9 /* STMenuAddItemTableViewCell.m */; };
		79B0AB8610DCA08200482185 /* STMenuIntercomController.h in Headers */ = {isa = PBXBuildFile; fileRef = 79B0AB8410DCA08200482185 /* STMenuIntercomController.h */; };
		79B0AB8710DCA08200482185 /* STMenuIntercomController.m in Sources */ = {isa = PBXBuildFile; fileRef = 79B0AB8510DCA08200482185 /* STMenuIntercomController.m */; };
		79B0ACF810DD3F9F00482185 /* STMenuSubMenuTableViewController.h in Headers */ = {isa = PBXBuildFile; fileRef = 79B0ACF610DD3F9F00482185 /* STMenuSubMenuTableViewController.h */; };
		79B0ACF910DD3F9F00482185 /* STMenuSubMenuTableViewController.m in Sources */ = {isa = PBXBuildFile; fileRef = 79B0ACF710DD3F9F00482185 /* STMenuSubMenuTableViewController.m */; };
		79B0ACFC10DD434E00482185 /* STMenuTextFieldViewController.h in Headers */ = {isa = PBXBuildFile; fileRef = 79B0ACFA10DD434E00482185 /* STMenuTextFieldViewController.h */; };
		79B0ACFD10DD434E00482185 /* STMenuTextFieldViewController.m in Sources */ = {isa = PBXBuildFile; fileRef = 79B0ACFB10DD434E00482185 /* STMenuTextFieldViewController.m */; };
		79B0AE6810DE0EF300482185 /* STMenuSubMenuCellViewController.h in Headers */ = {isa = PBXBuildFile; fileRef = 79B0AE6610DE0EF300482185 /* STMenuSubMenuCellViewController.h */; };
		79B0AE6910DE0EF300482185 /* STMenuSubMenuCellViewController.m in Sources */ = {isa = PBXBuildFile; fileRef = 79B0AE6710DE0EF300482185 /* STMenuSubMenuCellViewController.m */; };
		79B0DA121103C80300F77242 /* STMenuValueToStringTableViewCell.h in Headers */ = {isa = PBXBuildFile; fileRef = 79B0DA101103C80300F77242 /* STMenuValueToStringTableViewCell.h */; };
		79B0DA131103C80300F77242 /* STMenuValueToStringTableViewCell.m in Sources */ = {isa = PBXBuildFile; fileRef = 79B0DA111103C80300F77242 /* STMenuValueToStringTableViewCell.m */; };
		79B0DA221104002D00F77242 /* STMenuSwitchTableViewCell.h in Headers */ = {isa = PBXBuildFile; fileRef = 79B0DA201104002D00F77242 /* STMenuSwitchTableViewCell.h */; };
		79B0DA231104002D00F77242 /* STMenuSwitchTableViewCell.m in Sources */ = {isa = PBXBuildFile; fileRef = 79B0DA211104002D00F77242 /* STMenuSwitchTableViewCell.m */; };
		79B0DAE01104301D00F77242 /* STMenuSelectViewController.h in Headers */ = {isa = PBXBuildFile; fileRef = 79B0DADE1104301D00F77242 /* STMenuSelectViewController.h */; };
		79B0DAE11104301D00F77242 /* STMenuSelectViewController.m in Sources */ = {isa = PBXBuildFile; fileRef = 79B0DADF1104301D00F77242 /* STMenuSelectViewController.m */; };
		79B303EE10A7463C00CE423D /* STMenuProtocol.h in Headers */ = {isa = PBXBuildFile; fileRef = 79B303EC10A7463C00CE423D /* STMenuProtocol.h */; };
		79B304A810A7A6BB00CE423D /* UIKit.framework in Frameworks */ = {isa = PBXBuildFile; fileRef = 79B304A710A7A6BB00CE423D /* UIKit.framework */; };
		79B7389210D89A1F003F5027 /* STMenuLabelTableViewCell.h in Headers */ = {isa = PBXBuildFile; fileRef = 79B7389010D89A1F003F5027 /* STMenuLabelTableViewCell.h */; };
		79B7389310D89A1F003F5027 /* STMenuLabelTableViewCell.m in Sources */ = {isa = PBXBuildFile; fileRef = 79B7389110D89A1F003F5027 /* STMenuLabelTableViewCell.m */; };
		79D1798A10B8AD73008A5B54 /* STMenuTableViewCell.h in Headers */ = {isa = PBXBuildFile; fileRef = 79D1798810B8AD73008A5B54 /* STMenuTableViewCell.h */; };
		79D1798B10B8AD73008A5B54 /* STMenuTableViewCell.m in Sources */ = {isa = PBXBuildFile; fileRef = 79D1798910B8AD73008A5B54 /* STMenuTableViewCell.m */; };
		79D1799410B8B2A8008A5B54 /* STMenuFormattedSectionController.h in Headers */ = {isa = PBXBuildFile; fileRef = 79D1799210B8B2A8008A5B54 /* STMenuFormattedSectionController.h */; };
		79D1799510B8B2A8008A5B54 /* STMenuFormattedSectionController.m in Sources */ = {isa = PBXBuildFile; fileRef = 79D1799310B8B2A8008A5B54 /* STMenuFormattedSectionController.m */; };
		79D3EBC51112976B005F6D9C /* STMenuTextBoxTableViewCell.h in Headers */ = {isa = PBXBuildFile; fileRef = 79D3EBC31112976B005F6D9C /* STMenuTextBoxTableViewCell.h */; };
		79D3EBC61112976B005F6D9C /* STMenuTextBoxTableViewCell.m in Sources */ = {isa = PBXBuildFile; fileRef = 79D3EBC41112976B005F6D9C /* STMenuTextBoxTableViewCell.m */; };
		79D3EC0711129CF1005F6D9C /* STMenuWebViewController.h in Headers */ = {isa = PBXBuildFile; fileRef = 79D3EC0511129CF1005F6D9C /* STMenuWebViewController.h */; };
		79D3EC0811129CF1005F6D9C /* STMenuWebViewController.m in Sources */ = {isa = PBXBuildFile; fileRef = 79D3EC0611129CF1005F6D9C /* STMenuWebViewController.m */; };
		79EABFC310AD1DFE004DF974 /* STMenuBaseTableViewController.h in Headers */ = {isa = PBXBuildFile; fileRef = 79EABFC110AD1DFE004DF974 /* STMenuBaseTableViewController.h */; };
		79EABFC410AD1DFE004DF974 /* STMenuBaseTableViewController.m in Sources */ = {isa = PBXBuildFile; fileRef = 79EABFC210AD1DFE004DF974 /* STMenuBaseTableViewController.m */; };
		79EABFD610AD2272004DF974 /* STMenuFormattedTableViewController.h in Headers */ = {isa = PBXBuildFile; fileRef = 79EABFD410AD2272004DF974 /* STMenuFormattedTableViewController.h */; };
		79EABFD710AD2272004DF974 /* STMenuFormattedTableViewController.m in Sources */ = {isa = PBXBuildFile; fileRef = 79EABFD510AD2272004DF974 /* STMenuFormattedTableViewController.m */; };
		79F010E610D7329300CFDBD6 /* STLoadingView.h in Headers */ = {isa = PBXBuildFile; fileRef = 79F010E410D7329300CFDBD6 /* STLoadingView.h */; };
		79F010E710D7329300CFDBD6 /* STLoadingView.m in Sources */ = {isa = PBXBuildFile; fileRef = 79F010E510D7329300CFDBD6 /* STLoadingView.m */; };
		79F010F210D732AE00CFDBD6 /* QuartzCore.framework in Frameworks */ = {isa = PBXBuildFile; fileRef = 79F010F110D732AE00CFDBD6 /* QuartzCore.framework */; };
		79F7A19C10DF7D1500CFCDF6 /* libSimpleTidbits.a in Frameworks */ = {isa = PBXBuildFile; fileRef = 79F7A19B10DF7D1100CFCDF6 /* libSimpleTidbits.a */; settings = {ATTRIBUTES = (Weak, ); }; };
		AA747D9F0F9514B9006C5449 /* STMenuKit_Prefix.pch in Headers */ = {isa = PBXBuildFile; fileRef = AA747D9E0F9514B9006C5449 /* STMenuKit_Prefix.pch */; };
		AACBBE4A0F95108600F1A2B1 /* Foundation.framework in Frameworks */ = {isa = PBXBuildFile; fileRef = AACBBE490F95108600F1A2B1 /* Foundation.framework */; };
		F728F39610D6B452005B527A /* STMenuBaseViewController.h in Headers */ = {isa = PBXBuildFile; fileRef = F728F39410D6B452005B527A /* STMenuBaseViewController.h */; };
		F728F39710D6B452005B527A /* STMenuBaseViewController.m in Sources */ = {isa = PBXBuildFile; fileRef = F728F39510D6B452005B527A /* STMenuBaseViewController.m */; };
/* End PBXBuildFile section */

/* Begin PBXContainerItemProxy section */
		79F7A19A10DF7D1100CFCDF6 /* PBXContainerItemProxy */ = {
			isa = PBXContainerItemProxy;
			containerPortal = 79F7A19610DF7D1100CFCDF6 /* SimpleTidbits.xcodeproj */;
			proxyType = 2;
			remoteGlobalIDString = D2AAC07E0554694100DB518D;
			remoteInfo = SimpleTidbits;
		};
		79F7A1AB10DF7DE900CFCDF6 /* PBXContainerItemProxy */ = {
			isa = PBXContainerItemProxy;
			containerPortal = 79F7A19610DF7D1100CFCDF6 /* SimpleTidbits.xcodeproj */;
			proxyType = 1;
			remoteGlobalIDString = D2AAC07D0554694100DB518D;
			remoteInfo = SimpleTidbits;
		};
/* End PBXContainerItemProxy section */

/* Begin PBXFileReference section */
		79312D6810BA400C00479D69 /* STMenuBasicSectionController.h */ = {isa = PBXFileReference; fileEncoding = 4; lastKnownFileType = sourcecode.c.h; path = STMenuBasicSectionController.h; sourceTree = "<group>"; };
		79312D6910BA400C00479D69 /* STMenuBasicSectionController.m */ = {isa = PBXFileReference; fileEncoding = 4; lastKnownFileType = sourcecode.c.objc; path = STMenuBasicSectionController.m; sourceTree = "<group>"; };
		794C780D10CA17AF00717975 /* STMenuTextFieldTableViewCell.h */ = {isa = PBXFileReference; fileEncoding = 4; lastKnownFileType = sourcecode.c.h; path = STMenuTextFieldTableViewCell.h; sourceTree = "<group>"; };
		794C780E10CA17AF00717975 /* STMenuTextFieldTableViewCell.m */ = {isa = PBXFileReference; fileEncoding = 4; lastKnownFileType = sourcecode.c.objc; path = STMenuTextFieldTableViewCell.m; sourceTree = "<group>"; };
		794E020310D9E01E000C1852 /* STMenuListViewController.h */ = {isa = PBXFileReference; fileEncoding = 4; lastKnownFileType = sourcecode.c.h; path = STMenuListViewController.h; sourceTree = "<group>"; };
		794E020410D9E01E000C1852 /* STMenuListViewController.m */ = {isa = PBXFileReference; fileEncoding = 4; lastKnownFileType = sourcecode.c.objc; path = STMenuListViewController.m; sourceTree = "<group>"; };
		794E02E410DA1492000C1852 /* STMenuNoItemsTableViewCell.h */ = {isa = PBXFileReference; fileEncoding = 4; lastKnownFileType = sourcecode.c.h; path = STMenuNoItemsTableViewCell.h; sourceTree = "<group>"; };
		794E02E510DA1492000C1852 /* STMenuNoItemsTableViewCell.m */ = {isa = PBXFileReference; fileEncoding = 4; lastKnownFileType = sourcecode.c.objc; path = STMenuNoItemsTableViewCell.m; sourceTree = "<group>"; };
		7959030010C614CA00DB0F5F /* STMenuEditViewController.h */ = {isa = PBXFileReference; fileEncoding = 4; lastKnownFileType = sourcecode.c.h; path = STMenuEditViewController.h; sourceTree = "<group>"; };
		7959030110C614CA00DB0F5F /* STMenuEditViewController.m */ = {isa = PBXFileReference; fileEncoding = 4; lastKnownFileType = sourcecode.c.objc; path = STMenuEditViewController.m; sourceTree = "<group>"; };
		7959039810C61AA200DB0F5F /* STMenuKit.h */ = {isa = PBXFileReference; fileEncoding = 4; lastKnownFileType = sourcecode.c.h; path = STMenuKit.h; sourceTree = "<group>"; };
		797537DA10F93C5400E3A188 /* STMenuDateViewController.h */ = {isa = PBXFileReference; fileEncoding = 4; lastKnownFileType = sourcecode.c.h; path = STMenuDateViewController.h; sourceTree = "<group>"; };
		797537DB10F93C5400E3A188 /* STMenuDateViewController.m */ = {isa = PBXFileReference; fileEncoding = 4; lastKnownFileType = sourcecode.c.objc; path = STMenuDateViewController.m; sourceTree = "<group>"; };
		7975382510F94FB500E3A188 /* STMenuDateTableViewCell.h */ = {isa = PBXFileReference; fileEncoding = 4; lastKnownFileType = sourcecode.c.h; path = STMenuDateTableViewCell.h; sourceTree = "<group>"; };
		7975382610F94FB500E3A188 /* STMenuDateTableViewCell.m */ = {isa = PBXFileReference; fileEncoding = 4; lastKnownFileType = sourcecode.c.objc; path = STMenuDateTableViewCell.m; sourceTree = "<group>"; };
		79818E9F10B0DD0D00B32881 /* STMenuMaker.h */ = {isa = PBXFileReference; fileEncoding = 4; lastKnownFileType = sourcecode.c.h; path = STMenuMaker.h; sourceTree = "<group>"; };
		79818EA010B0DD0D00B32881 /* STMenuMaker.m */ = {isa = PBXFileReference; fileEncoding = 4; lastKnownFileType = sourcecode.c.objc; path = STMenuMaker.m; sourceTree = "<group>"; };
		79856D8210E9A08C001EB83A /* STMenuListSectionController.h */ = {isa = PBXFileReference; fileEncoding = 4; lastKnownFileType = sourcecode.c.h; path = STMenuListSectionController.h; sourceTree = "<group>"; };
		79856D8310E9A08C001EB83A /* STMenuListSectionController.m */ = {isa = PBXFileReference; fileEncoding = 4; lastKnownFileType = sourcecode.c.objc; path = STMenuListSectionController.m; sourceTree = "<group>"; };
		799F707B10C8C5150055C744 /* STMenuFormViewController.h */ = {isa = PBXFileReference; fileEncoding = 4; lastKnownFileType = sourcecode.c.h; path = STMenuFormViewController.h; sourceTree = "<group>"; };
		799F707C10C8C5150055C744 /* STMenuFormViewController.m */ = {isa = PBXFileReference; fileEncoding = 4; lastKnownFileType = sourcecode.c.objc; path = STMenuFormViewController.m; sourceTree = "<group>"; };
		79A7F5BC10FD892E001835A9 /* STMenuAddItemTableViewCell.h */ = {isa = PBXFileReference; fileEncoding = 4; lastKnownFileType = sourcecode.c.h; path = STMenuAddItemTableViewCell.h; sourceTree = "<group>"; };
		79A7F5BD10FD892E001835A9 /* STMenuAddItemTableViewCell.m */ = {isa = PBXFileReference; fileEncoding = 4; lastKnownFileType = sourcecode.c.objc; path = STMenuAddItemTableViewCell.m; sourceTree = "<group>"; };
		79B0AB8410DCA08200482185 /* STMenuIntercomController.h */ = {isa = PBXFileReference; fileEncoding = 4; lastKnownFileType = sourcecode.c.h; path = STMenuIntercomController.h; sourceTree = "<group>"; };
		79B0AB8510DCA08200482185 /* STMenuIntercomController.m */ = {isa = PBXFileReference; fileEncoding = 4; lastKnownFileType = sourcecode.c.objc; path = STMenuIntercomController.m; sourceTree = "<group>"; };
		79B0ACF610DD3F9F00482185 /* STMenuSubMenuTableViewController.h */ = {isa = PBXFileReference; fileEncoding = 4; lastKnownFileType = sourcecode.c.h; path = STMenuSubMenuTableViewController.h; sourceTree = "<group>"; };
		79B0ACF710DD3F9F00482185 /* STMenuSubMenuTableViewController.m */ = {isa = PBXFileReference; fileEncoding = 4; lastKnownFileType = sourcecode.c.objc; path = STMenuSubMenuTableViewController.m; sourceTree = "<group>"; };
		79B0ACFA10DD434E00482185 /* STMenuTextFieldViewController.h */ = {isa = PBXFileReference; fileEncoding = 4; lastKnownFileType = sourcecode.c.h; path = STMenuTextFieldViewController.h; sourceTree = "<group>"; };
		79B0ACFB10DD434E00482185 /* STMenuTextFieldViewController.m */ = {isa = PBXFileReference; fileEncoding = 4; lastKnownFileType = sourcecode.c.objc; path = STMenuTextFieldViewController.m; sourceTree = "<group>"; };
		79B0AE6610DE0EF300482185 /* STMenuSubMenuCellViewController.h */ = {isa = PBXFileReference; fileEncoding = 4; lastKnownFileType = sourcecode.c.h; path = STMenuSubMenuCellViewController.h; sourceTree = "<group>"; };
		79B0AE6710DE0EF300482185 /* STMenuSubMenuCellViewController.m */ = {isa = PBXFileReference; fileEncoding = 4; lastKnownFileType = sourcecode.c.objc; path = STMenuSubMenuCellViewController.m; sourceTree = "<group>"; };
		79B0DA101103C80300F77242 /* STMenuValueToStringTableViewCell.h */ = {isa = PBXFileReference; fileEncoding = 4; lastKnownFileType = sourcecode.c.h; path = STMenuValueToStringTableViewCell.h; sourceTree = "<group>"; };
		79B0DA111103C80300F77242 /* STMenuValueToStringTableViewCell.m */ = {isa = PBXFileReference; fileEncoding = 4; lastKnownFileType = sourcecode.c.objc; path = STMenuValueToStringTableViewCell.m; sourceTree = "<group>"; };
		79B0DA201104002D00F77242 /* STMenuSwitchTableViewCell.h */ = {isa = PBXFileReference; fileEncoding = 4; lastKnownFileType = sourcecode.c.h; path = STMenuSwitchTableViewCell.h; sourceTree = "<group>"; };
		79B0DA211104002D00F77242 /* STMenuSwitchTableViewCell.m */ = {isa = PBXFileReference; fileEncoding = 4; lastKnownFileType = sourcecode.c.objc; path = STMenuSwitchTableViewCell.m; sourceTree = "<group>"; };
		79B0DADE1104301D00F77242 /* STMenuSelectViewController.h */ = {isa = PBXFileReference; fileEncoding = 4; lastKnownFileType = sourcecode.c.h; path = STMenuSelectViewController.h; sourceTree = "<group>"; };
		79B0DADF1104301D00F77242 /* STMenuSelectViewController.m */ = {isa = PBXFileReference; fileEncoding = 4; lastKnownFileType = sourcecode.c.objc; path = STMenuSelectViewController.m; sourceTree = "<group>"; };
		79B303EC10A7463C00CE423D /* STMenuProtocol.h */ = {isa = PBXFileReference; fileEncoding = 4; lastKnownFileType = sourcecode.c.h; path = STMenuProtocol.h; sourceTree = "<group>"; };
		79B304A710A7A6BB00CE423D /* UIKit.framework */ = {isa = PBXFileReference; lastKnownFileType = wrapper.framework; name = UIKit.framework; path = System/Library/Frameworks/UIKit.framework; sourceTree = SDKROOT; };
		79B7389010D89A1F003F5027 /* STMenuLabelTableViewCell.h */ = {isa = PBXFileReference; fileEncoding = 4; lastKnownFileType = sourcecode.c.h; path = STMenuLabelTableViewCell.h; sourceTree = "<group>"; };
		79B7389110D89A1F003F5027 /* STMenuLabelTableViewCell.m */ = {isa = PBXFileReference; fileEncoding = 4; lastKnownFileType = sourcecode.c.objc; path = STMenuLabelTableViewCell.m; sourceTree = "<group>"; };
		79D1798810B8AD73008A5B54 /* STMenuTableViewCell.h */ = {isa = PBXFileReference; fileEncoding = 4; lastKnownFileType = sourcecode.c.h; path = STMenuTableViewCell.h; sourceTree = "<group>"; };
		79D1798910B8AD73008A5B54 /* STMenuTableViewCell.m */ = {isa = PBXFileReference; fileEncoding = 4; lastKnownFileType = sourcecode.c.objc; path = STMenuTableViewCell.m; sourceTree = "<group>"; };
		79D1799210B8B2A8008A5B54 /* STMenuFormattedSectionController.h */ = {isa = PBXFileReference; fileEncoding = 4; lastKnownFileType = sourcecode.c.h; path = STMenuFormattedSectionController.h; sourceTree = "<group>"; };
		79D1799310B8B2A8008A5B54 /* STMenuFormattedSectionController.m */ = {isa = PBXFileReference; fileEncoding = 4; lastKnownFileType = sourcecode.c.objc; path = STMenuFormattedSectionController.m; sourceTree = "<group>"; };
		79D3EBC31112976B005F6D9C /* STMenuTextBoxTableViewCell.h */ = {isa = PBXFileReference; fileEncoding = 4; lastKnownFileType = sourcecode.c.h; path = STMenuTextBoxTableViewCell.h; sourceTree = "<group>"; };
		79D3EBC41112976B005F6D9C /* STMenuTextBoxTableViewCell.m */ = {isa = PBXFileReference; fileEncoding = 4; lastKnownFileType = sourcecode.c.objc; path = STMenuTextBoxTableViewCell.m; sourceTree = "<group>"; };
		79D3EC0511129CF1005F6D9C /* STMenuWebViewController.h */ = {isa = PBXFileReference; fileEncoding = 4; lastKnownFileType = sourcecode.c.h; path = STMenuWebViewController.h; sourceTree = "<group>"; };
		79D3EC0611129CF1005F6D9C /* STMenuWebViewController.m */ = {isa = PBXFileReference; fileEncoding = 4; lastKnownFileType = sourcecode.c.objc; path = STMenuWebViewController.m; sourceTree = "<group>"; };
		79EABFC110AD1DFE004DF974 /* STMenuBaseTableViewController.h */ = {isa = PBXFileReference; fileEncoding = 4; lastKnownFileType = sourcecode.c.h; path = STMenuBaseTableViewController.h; sourceTree = "<group>"; };
		79EABFC210AD1DFE004DF974 /* STMenuBaseTableViewController.m */ = {isa = PBXFileReference; fileEncoding = 4; lastKnownFileType = sourcecode.c.objc; path = STMenuBaseTableViewController.m; sourceTree = "<group>"; };
		79EABFD410AD2272004DF974 /* STMenuFormattedTableViewController.h */ = {isa = PBXFileReference; fileEncoding = 4; lastKnownFileType = sourcecode.c.h; path = STMenuFormattedTableViewController.h; sourceTree = "<group>"; };
		79EABFD510AD2272004DF974 /* STMenuFormattedTableViewController.m */ = {isa = PBXFileReference; fileEncoding = 4; lastKnownFileType = sourcecode.c.objc; path = STMenuFormattedTableViewController.m; sourceTree = "<group>"; };
		79F010E410D7329300CFDBD6 /* STLoadingView.h */ = {isa = PBXFileReference; fileEncoding = 4; lastKnownFileType = sourcecode.c.h; path = STLoadingView.h; sourceTree = "<group>"; };
		79F010E510D7329300CFDBD6 /* STLoadingView.m */ = {isa = PBXFileReference; fileEncoding = 4; lastKnownFileType = sourcecode.c.objc; path = STLoadingView.m; sourceTree = "<group>"; };
		79F010F110D732AE00CFDBD6 /* QuartzCore.framework */ = {isa = PBXFileReference; lastKnownFileType = wrapper.framework; name = QuartzCore.framework; path = System/Library/Frameworks/QuartzCore.framework; sourceTree = SDKROOT; };
		79F7A19610DF7D1100CFCDF6 /* SimpleTidbits.xcodeproj */ = {isa = PBXFileReference; lastKnownFileType = "wrapper.pb-project"; name = SimpleTidbits.xcodeproj; path = ../SimpleTidbits/SimpleTidbits.xcodeproj; sourceTree = SOURCE_ROOT; };
		AA747D9E0F9514B9006C5449 /* STMenuKit_Prefix.pch */ = {isa = PBXFileReference; fileEncoding = 4; lastKnownFileType = sourcecode.c.h; path = STMenuKit_Prefix.pch; sourceTree = SOURCE_ROOT; };
		AACBBE490F95108600F1A2B1 /* Foundation.framework */ = {isa = PBXFileReference; lastKnownFileType = wrapper.framework; name = Foundation.framework; path = System/Library/Frameworks/Foundation.framework; sourceTree = SDKROOT; };
		D2AAC07E0554694100DB518D /* libSTMenuKit.a */ = {isa = PBXFileReference; explicitFileType = archive.ar; includeInIndex = 0; path = libSTMenuKit.a; sourceTree = BUILT_PRODUCTS_DIR; };
		F728F39410D6B452005B527A /* STMenuBaseViewController.h */ = {isa = PBXFileReference; fileEncoding = 4; lastKnownFileType = sourcecode.c.h; path = STMenuBaseViewController.h; sourceTree = "<group>"; };
		F728F39510D6B452005B527A /* STMenuBaseViewController.m */ = {isa = PBXFileReference; fileEncoding = 4; lastKnownFileType = sourcecode.c.objc; path = STMenuBaseViewController.m; sourceTree = "<group>"; };
/* End PBXFileReference section */

/* Begin PBXFrameworksBuildPhase section */
		D2AAC07C0554694100DB518D /* Frameworks */ = {
			isa = PBXFrameworksBuildPhase;
			buildActionMask = 2147483647;
			files = (
				AACBBE4A0F95108600F1A2B1 /* Foundation.framework in Frameworks */,
				79B304A810A7A6BB00CE423D /* UIKit.framework in Frameworks */,
				79F010F210D732AE00CFDBD6 /* QuartzCore.framework in Frameworks */,
				79F7A19C10DF7D1500CFCDF6 /* libSimpleTidbits.a in Frameworks */,
			);
			runOnlyForDeploymentPostprocessing = 0;
		};
/* End PBXFrameworksBuildPhase section */

/* Begin PBXGroup section */
		034768DFFF38A50411DB9C8B /* Products */ = {
			isa = PBXGroup;
			children = (
				D2AAC07E0554694100DB518D /* libSTMenuKit.a */,
			);
			name = Products;
			sourceTree = "<group>";
		};
		0867D691FE84028FC02AAC07 /* STMenuKit */ = {
			isa = PBXGroup;
			children = (
				7959039810C61AA200DB0F5F /* STMenuKit.h */,
				08FB77AEFE84172EC02AAC07 /* Basics */,
				794E01E910D9DE6D000C1852 /* Cells */,
				794E01EB10D9DEC7000C1852 /* Section Controllers */,
				794E01EA10D9DE98000C1852 /* Menus */,
				794E01EF10D9DFB1000C1852 /* Form Menu */,
				794E01EE10D9DFA2000C1852 /* Edit Menu */,
				794E01F010D9DFD2000C1852 /* List Menu */,
				79D3EC0411129CAE005F6D9C /* Web */,
				79B0ACF510DD3E0E00482185 /* SubMenus */,
				32C88DFF0371C24200C91783 /* Other Sources */,
				0867D69AFE84028FC02AAC07 /* Frameworks */,
				034768DFFF38A50411DB9C8B /* Products */,
			);
			name = STMenuKit;
			sourceTree = "<group>";
		};
		0867D69AFE84028FC02AAC07 /* Frameworks */ = {
			isa = PBXGroup;
			children = (
				79F7A19610DF7D1100CFCDF6 /* SimpleTidbits.xcodeproj */,
				AACBBE490F95108600F1A2B1 /* Foundation.framework */,
				79B304A710A7A6BB00CE423D /* UIKit.framework */,
				79F010F110D732AE00CFDBD6 /* QuartzCore.framework */,
			);
			name = Frameworks;
			sourceTree = "<group>";
		};
		08FB77AEFE84172EC02AAC07 /* Basics */ = {
			isa = PBXGroup;
			children = (
				79B303EC10A7463C00CE423D /* STMenuProtocol.h */,
				79818E9F10B0DD0D00B32881 /* STMenuMaker.h */,
				79818EA010B0DD0D00B32881 /* STMenuMaker.m */,
				79B0AB8410DCA08200482185 /* STMenuIntercomController.h */,
				79B0AB8510DCA08200482185 /* STMenuIntercomController.m */,
				79F010E410D7329300CFDBD6 /* STLoadingView.h */,
				79F010E510D7329300CFDBD6 /* STLoadingView.m */,
			);
			name = Basics;
			sourceTree = "<group>";
		};
		32C88DFF0371C24200C91783 /* Other Sources */ = {
			isa = PBXGroup;
			children = (
				AA747D9E0F9514B9006C5449 /* STMenuKit_Prefix.pch */,
			);
			name = "Other Sources";
			sourceTree = "<group>";
		};
		794E01E910D9DE6D000C1852 /* Cells */ = {
			isa = PBXGroup;
			children = (
				79D1798810B8AD73008A5B54 /* STMenuTableViewCell.h */,
				79D1798910B8AD73008A5B54 /* STMenuTableViewCell.m */,
				79B0DA101103C80300F77242 /* STMenuValueToStringTableViewCell.h */,
				79B0DA111103C80300F77242 /* STMenuValueToStringTableViewCell.m */,
				794C780D10CA17AF00717975 /* STMenuTextFieldTableViewCell.h */,
				794C780E10CA17AF00717975 /* STMenuTextFieldTableViewCell.m */,
				7975382510F94FB500E3A188 /* STMenuDateTableViewCell.h */,
				7975382610F94FB500E3A188 /* STMenuDateTableViewCell.m */,
				79B0DA201104002D00F77242 /* STMenuSwitchTableViewCell.h */,
				79B0DA211104002D00F77242 /* STMenuSwitchTableViewCell.m */,
				794E02E410DA1492000C1852 /* STMenuNoItemsTableViewCell.h */,
				794E02E510DA1492000C1852 /* STMenuNoItemsTableViewCell.m */,
				79A7F5BC10FD892E001835A9 /* STMenuAddItemTableViewCell.h */,
				79A7F5BD10FD892E001835A9 /* STMenuAddItemTableViewCell.m */,
				79D3EBC31112976B005F6D9C /* STMenuTextBoxTableViewCell.h */,
				79D3EBC41112976B005F6D9C /* STMenuTextBoxTableViewCell.m */,
				79B7389010D89A1F003F5027 /* STMenuLabelTableViewCell.h */,
				79B7389110D89A1F003F5027 /* STMenuLabelTableViewCell.m */,
			);
			name = Cells;
			sourceTree = "<group>";
		};
		794E01EA10D9DE98000C1852 /* Menus */ = {
			isa = PBXGroup;
			children = (
				F728F39410D6B452005B527A /* STMenuBaseViewController.h */,
				F728F39510D6B452005B527A /* STMenuBaseViewController.m */,
				79EABFC110AD1DFE004DF974 /* STMenuBaseTableViewController.h */,
				79EABFC210AD1DFE004DF974 /* STMenuBaseTableViewController.m */,
				79EABFD410AD2272004DF974 /* STMenuFormattedTableViewController.h */,
				79EABFD510AD2272004DF974 /* STMenuFormattedTableViewController.m */,
			);
			name = Menus;
			sourceTree = "<group>";
		};
		794E01EB10D9DEC7000C1852 /* Section Controllers */ = {
			isa = PBXGroup;
			children = (
				79D1799210B8B2A8008A5B54 /* STMenuFormattedSectionController.h */,
				79D1799310B8B2A8008A5B54 /* STMenuFormattedSectionController.m */,
				79312D6810BA400C00479D69 /* STMenuBasicSectionController.h */,
				79312D6910BA400C00479D69 /* STMenuBasicSectionController.m */,
				79856D8210E9A08C001EB83A /* STMenuListSectionController.h */,
				79856D8310E9A08C001EB83A /* STMenuListSectionController.m */,
			);
			name = "Section Controllers";
			sourceTree = "<group>";
		};
		794E01EE10D9DFA2000C1852 /* Edit Menu */ = {
			isa = PBXGroup;
			children = (
				7959030010C614CA00DB0F5F /* STMenuEditViewController.h */,
				7959030110C614CA00DB0F5F /* STMenuEditViewController.m */,
			);
			name = "Edit Menu";
			sourceTree = "<group>";
		};
		794E01EF10D9DFB1000C1852 /* Form Menu */ = {
			isa = PBXGroup;
			children = (
				799F707B10C8C5150055C744 /* STMenuFormViewController.h */,
				799F707C10C8C5150055C744 /* STMenuFormViewController.m */,
			);
			name = "Form Menu";
			sourceTree = "<group>";
		};
		794E01F010D9DFD2000C1852 /* List Menu */ = {
			isa = PBXGroup;
			children = (
				794E020310D9E01E000C1852 /* STMenuListViewController.h */,
				794E020410D9E01E000C1852 /* STMenuListViewController.m */,
			);
			name = "List Menu";
			sourceTree = "<group>";
		};
		79B0ACF510DD3E0E00482185 /* SubMenus */ = {
			isa = PBXGroup;
			children = (
				79B0ACF610DD3F9F00482185 /* STMenuSubMenuTableViewController.h */,
				79B0ACF710DD3F9F00482185 /* STMenuSubMenuTableViewController.m */,
				79B0AE6610DE0EF300482185 /* STMenuSubMenuCellViewController.h */,
				79B0AE6710DE0EF300482185 /* STMenuSubMenuCellViewController.m */,
				79B0ACFA10DD434E00482185 /* STMenuTextFieldViewController.h */,
				79B0ACFB10DD434E00482185 /* STMenuTextFieldViewController.m */,
				797537DA10F93C5400E3A188 /* STMenuDateViewController.h */,
				797537DB10F93C5400E3A188 /* STMenuDateViewController.m */,
				79B0DADE1104301D00F77242 /* STMenuSelectViewController.h */,
				79B0DADF1104301D00F77242 /* STMenuSelectViewController.m */,
			);
			name = SubMenus;
			sourceTree = "<group>";
		};
		79D3EC0411129CAE005F6D9C /* Web */ = {
			isa = PBXGroup;
			children = (
				79D3EC0511129CF1005F6D9C /* STMenuWebViewController.h */,
				79D3EC0611129CF1005F6D9C /* STMenuWebViewController.m */,
			);
			name = Web;
			sourceTree = "<group>";
		};
		79F7A19710DF7D1100CFCDF6 /* Products */ = {
			isa = PBXGroup;
			children = (
				79F7A19B10DF7D1100CFCDF6 /* libSimpleTidbits.a */,
			);
			name = Products;
			sourceTree = "<group>";
		};
/* End PBXGroup section */

/* Begin PBXHeadersBuildPhase section */
		D2AAC07A0554694100DB518D /* Headers */ = {
			isa = PBXHeadersBuildPhase;
			buildActionMask = 2147483647;
			files = (
				AA747D9F0F9514B9006C5449 /* STMenuKit_Prefix.pch in Headers */,
				79B303EE10A7463C00CE423D /* STMenuProtocol.h in Headers */,
				79EABFC310AD1DFE004DF974 /* STMenuBaseTableViewController.h in Headers */,
				79EABFD610AD2272004DF974 /* STMenuFormattedTableViewController.h in Headers */,
				79818EA110B0DD0D00B32881 /* STMenuMaker.h in Headers */,
				79D1798A10B8AD73008A5B54 /* STMenuTableViewCell.h in Headers */,
				79D1799410B8B2A8008A5B54 /* STMenuFormattedSectionController.h in Headers */,
				79312D6A10BA400C00479D69 /* STMenuBasicSectionController.h in Headers */,
				7959030210C614CA00DB0F5F /* STMenuEditViewController.h in Headers */,
				7959039910C61AA200DB0F5F /* STMenuKit.h in Headers */,
				799F707D10C8C5150055C744 /* STMenuFormViewController.h in Headers */,
				794C780F10CA17AF00717975 /* STMenuTextFieldTableViewCell.h in Headers */,
				79F010E610D7329300CFDBD6 /* STLoadingView.h in Headers */,
				79B7389210D89A1F003F5027 /* STMenuLabelTableViewCell.h in Headers */,
				F728F39610D6B452005B527A /* STMenuBaseViewController.h in Headers */,
				794E020510D9E01E000C1852 /* STMenuListViewController.h in Headers */,
				794E02E610DA1492000C1852 /* STMenuNoItemsTableViewCell.h in Headers */,
				79B0AB8610DCA08200482185 /* STMenuIntercomController.h in Headers */,
				79B0ACF810DD3F9F00482185 /* STMenuSubMenuTableViewController.h in Headers */,
				79B0ACFC10DD434E00482185 /* STMenuTextFieldViewController.h in Headers */,
				79B0AE6810DE0EF300482185 /* STMenuSubMenuCellViewController.h in Headers */,
				79856D8410E9A08C001EB83A /* STMenuListSectionController.h in Headers */,
				797537DC10F93C5400E3A188 /* STMenuDateViewController.h in Headers */,
				7975382710F94FB500E3A188 /* STMenuDateTableViewCell.h in Headers */,
				79A7F5BE10FD892E001835A9 /* STMenuAddItemTableViewCell.h in Headers */,
				79B0DA121103C80300F77242 /* STMenuValueToStringTableViewCell.h in Headers */,
				79B0DA221104002D00F77242 /* STMenuSwitchTableViewCell.h in Headers */,
				79B0DAE01104301D00F77242 /* STMenuSelectViewController.h in Headers */,
				79D3EBC51112976B005F6D9C /* STMenuTextBoxTableViewCell.h in Headers */,
				79D3EC0711129CF1005F6D9C /* STMenuWebViewController.h in Headers */,
			);
			runOnlyForDeploymentPostprocessing = 0;
		};
/* End PBXHeadersBuildPhase section */

/* Begin PBXNativeTarget section */
		D2AAC07D0554694100DB518D /* STMenuKit */ = {
			isa = PBXNativeTarget;
			buildConfigurationList = 1DEB921E08733DC00010E9CD /* Build configuration list for PBXNativeTarget "STMenuKit" */;
			buildPhases = (
				D2AAC07A0554694100DB518D /* Headers */,
				D2AAC07B0554694100DB518D /* Sources */,
				D2AAC07C0554694100DB518D /* Frameworks */,
			);
			buildRules = (
			);
			dependencies = (
				79F7A1AC10DF7DE900CFCDF6 /* PBXTargetDependency */,
			);
			name = STMenuKit;
			productName = STMenuKit;
			productReference = D2AAC07E0554694100DB518D /* libSTMenuKit.a */;
			productType = "com.apple.product-type.library.static";
		};
/* End PBXNativeTarget section */

/* Begin PBXProject section */
		0867D690FE84028FC02AAC07 /* Project object */ = {
			isa = PBXProject;
			buildConfigurationList = 1DEB922208733DC00010E9CD /* Build configuration list for PBXProject "STMenuKit" */;
			compatibilityVersion = "Xcode 3.1";
			hasScannedForEncodings = 1;
			mainGroup = 0867D691FE84028FC02AAC07 /* STMenuKit */;
			productRefGroup = 034768DFFF38A50411DB9C8B /* Products */;
			projectDirPath = "";
			projectReferences = (
				{
					ProductGroup = 79F7A19710DF7D1100CFCDF6 /* Products */;
					ProjectRef = 79F7A19610DF7D1100CFCDF6 /* SimpleTidbits.xcodeproj */;
				},
			);
			projectRoot = "";
			targets = (
				D2AAC07D0554694100DB518D /* STMenuKit */,
			);
		};
/* End PBXProject section */

/* Begin PBXReferenceProxy section */
		79F7A19B10DF7D1100CFCDF6 /* libSimpleTidbits.a */ = {
			isa = PBXReferenceProxy;
			fileType = archive.ar;
			path = libSimpleTidbits.a;
			remoteRef = 79F7A19A10DF7D1100CFCDF6 /* PBXContainerItemProxy */;
			sourceTree = BUILT_PRODUCTS_DIR;
		};
/* End PBXReferenceProxy section */

/* Begin PBXSourcesBuildPhase section */
		D2AAC07B0554694100DB518D /* Sources */ = {
			isa = PBXSourcesBuildPhase;
			buildActionMask = 2147483647;
			files = (
				79EABFC410AD1DFE004DF974 /* STMenuBaseTableViewController.m in Sources */,
				79EABFD710AD2272004DF974 /* STMenuFormattedTableViewController.m in Sources */,
				79818EA210B0DD0D00B32881 /* STMenuMaker.m in Sources */,
				79D1798B10B8AD73008A5B54 /* STMenuTableViewCell.m in Sources */,
				79D1799510B8B2A8008A5B54 /* STMenuFormattedSectionController.m in Sources */,
				79312D6B10BA400C00479D69 /* STMenuBasicSectionController.m in Sources */,
				7959030310C614CA00DB0F5F /* STMenuEditViewController.m in Sources */,
				799F707E10C8C5150055C744 /* STMenuFormViewController.m in Sources */,
				794C781010CA17AF00717975 /* STMenuTextFieldTableViewCell.m in Sources */,
				79F010E710D7329300CFDBD6 /* STLoadingView.m in Sources */,
				79B7389310D89A1F003F5027 /* STMenuLabelTableViewCell.m in Sources */,
				F728F39710D6B452005B527A /* STMenuBaseViewController.m in Sources */,
				794E020610D9E01E000C1852 /* STMenuListViewController.m in Sources */,
				794E02E710DA1492000C1852 /* STMenuNoItemsTableViewCell.m in Sources */,
				79B0AB8710DCA08200482185 /* STMenuIntercomController.m in Sources */,
				79B0ACF910DD3F9F00482185 /* STMenuSubMenuTableViewController.m in Sources */,
				79B0ACFD10DD434E00482185 /* STMenuTextFieldViewController.m in Sources */,
				79B0AE6910DE0EF300482185 /* STMenuSubMenuCellViewController.m in Sources */,
				79856D8510E9A08C001EB83A /* STMenuListSectionController.m in Sources */,
				797537DD10F93C5400E3A188 /* STMenuDateViewController.m in Sources */,
				7975382810F94FB500E3A188 /* STMenuDateTableViewCell.m in Sources */,
				79A7F5BF10FD892E001835A9 /* STMenuAddItemTableViewCell.m in Sources */,
				79B0DA131103C80300F77242 /* STMenuValueToStringTableViewCell.m in Sources */,
				79B0DA231104002D00F77242 /* STMenuSwitchTableViewCell.m in Sources */,
				79B0DAE11104301D00F77242 /* STMenuSelectViewController.m in Sources */,
				79D3EBC61112976B005F6D9C /* STMenuTextBoxTableViewCell.m in Sources */,
				79D3EC0811129CF1005F6D9C /* STMenuWebViewController.m in Sources */,
			);
			runOnlyForDeploymentPostprocessing = 0;
		};
/* End PBXSourcesBuildPhase section */

/* Begin PBXTargetDependency section */
		79F7A1AC10DF7DE900CFCDF6 /* PBXTargetDependency */ = {
			isa = PBXTargetDependency;
			name = SimpleTidbits;
			targetProxy = 79F7A1AB10DF7DE900CFCDF6 /* PBXContainerItemProxy */;
		};
/* End PBXTargetDependency section */

/* Begin XCBuildConfiguration section */
		1DEB921F08733DC00010E9CD /* Debug */ = {
			isa = XCBuildConfiguration;
			buildSettings = {
				ALWAYS_SEARCH_USER_PATHS = NO;
				ARCHS = "$(ARCHS_STANDARD_32_BIT)";
				COPY_PHASE_STRIP = NO;
				DSTROOT = /tmp/STMenuKit.dst;
				GCC_DYNAMIC_NO_PIC = NO;
				GCC_ENABLE_FIX_AND_CONTINUE = YES;
				GCC_MODEL_TUNING = G5;
				GCC_OPTIMIZATION_LEVEL = 0;
				GCC_PRECOMPILE_PREFIX_HEADER = YES;
				GCC_PREFIX_HEADER = STMenuKit_Prefix.pch;
				INSTALL_PATH = /usr/local/lib;
				PRODUCT_NAME = STMenuKit;
			};
			name = Debug;
		};
		1DEB922008733DC00010E9CD /* Release */ = {
			isa = XCBuildConfiguration;
			buildSettings = {
				ALWAYS_SEARCH_USER_PATHS = NO;
				ARCHS = "$(ARCHS_STANDARD_32_BIT)";
				DSTROOT = /tmp/STMenuKit.dst;
				GCC_MODEL_TUNING = G5;
				GCC_PRECOMPILE_PREFIX_HEADER = YES;
				GCC_PREFIX_HEADER = STMenuKit_Prefix.pch;
				INSTALL_PATH = /usr/local/lib;
				PRODUCT_NAME = STMenuKit;
			};
			name = Release;
		};
		1DEB922308733DC00010E9CD /* Debug */ = {
			isa = XCBuildConfiguration;
			buildSettings = {
				ARCHS = "$(ARCHS_STANDARD_32_BIT)";
				GCC_C_LANGUAGE_STANDARD = c99;
				GCC_OPTIMIZATION_LEVEL = 0;
				GCC_WARN_ABOUT_RETURN_TYPE = YES;
				GCC_WARN_UNUSED_VARIABLE = YES;
				HEADER_SEARCH_PATHS = ..;
				OTHER_LDFLAGS = "-ObjC";
				PREBINDING = NO;
				SDKROOT = iphoneos3.1;
			};
			name = Debug;
		};
		1DEB922408733DC00010E9CD /* Release */ = {
			isa = XCBuildConfiguration;
			buildSettings = {
				ARCHS = "$(ARCHS_STANDARD_32_BIT)";
				GCC_C_LANGUAGE_STANDARD = c99;
				GCC_WARN_ABOUT_RETURN_TYPE = YES;
				GCC_WARN_UNUSED_VARIABLE = YES;
				HEADER_SEARCH_PATHS = ..;
				OTHER_LDFLAGS = "-ObjC";
				PREBINDING = NO;
				SDKROOT = iphoneos3.1;
			};
			name = Release;
		};
/* End XCBuildConfiguration section */

/* Begin XCConfigurationList section */
		1DEB921E08733DC00010E9CD /* Build configuration list for PBXNativeTarget "STMenuKit" */ = {
			isa = XCConfigurationList;
			buildConfigurations = (
				1DEB921F08733DC00010E9CD /* Debug */,
				1DEB922008733DC00010E9CD /* Release */,
			);
			defaultConfigurationIsVisible = 0;
			defaultConfigurationName = Release;
		};
		1DEB922208733DC00010E9CD /* Build configuration list for PBXProject "STMenuKit" */ = {
			isa = XCConfigurationList;
			buildConfigurations = (
				1DEB922308733DC00010E9CD /* Debug */,
				1DEB922408733DC00010E9CD /* Release */,
			);
			defaultConfigurationIsVisible = 0;
			defaultConfigurationName = Release;
		};
/* End XCConfigurationList section */
	};
	rootObject = 0867D690FE84028FC02AAC07 /* Project object */;
}
